
Microsoft Visual Studio Solution File, Format Version 12.00
# Visual Studio Version 17
VisualStudioVersion = 17.0.31903.59
MinimumVisualStudioVersion = 10.0.40219.1
Project("{2150E333-8FDC-42A3-9474-1A3956D46DE8}") = "src", "src", "{3CA618F0-AFAA-4A24-BED0-141763DEE56B}"
EndProject
Project("{2150E333-8FDC-42A3-9474-1A3956D46DE8}") = "Domain", "Domain", "{912E0269-79DE-4B12-88B6-3F1A3B222158}"
EndProject
Project("{FAE04EC0-301F-11D3-BF4B-00C04F79EFBC}") = "Entities", "src\Domain\Entities\Entities.csproj", "{22E502E9-902D-4EAE-973D-01C54FF213D1}"
EndProject
Project("{2150E333-8FDC-42A3-9474-1A3956D46DE8}") = "Application", "Application", "{6D3068C3-2185-416B-86BB-166E5B6DEDE2}"
EndProject
Project("{FAE04EC0-301F-11D3-BF4B-00C04F79EFBC}") = "UseCases", "src\Application\UseCases\UseCases.csproj", "{EF594B5A-BAED-4795-9F98-5896149E50C7}"
EndProject
Project("{2150E333-8FDC-42A3-9474-1A3956D46DE8}") = "Infraestructure", "Infraestructure", "{487BFEF4-3273-4B3F-AC94-ADDB19F60C2B}"
EndProject
Project("{FAE04EC0-301F-11D3-BF4B-00C04F79EFBC}") = "Persistence", "src\Infraestructure\Persistence\Persistence.csproj", "{41AEAA4E-0EED-4CB3-A566-1D6558D60F39}"
EndProject
Project("{FAE04EC0-301F-11D3-BF4B-00C04F79EFBC}") = "Presentation", "src\Presentation\Presentation.csproj", "{4A629D34-C31A-402D-984D-24F580C369B5}"
EndProject
Project("{FAE04EC0-301F-11D3-BF4B-00C04F79EFBC}") = "Repositories", "src\Domain\Repositories\Repositories.csproj", "{BA76ED80-51BF-4829-ACE7-9BF7577FF975}"
EndProject
Project("{FAE04EC0-301F-11D3-BF4B-00C04F79EFBC}") = "Services", "src\Domain\Services\Services.csproj", "{D98A9DEC-B753-47C0-904E-94E17E441B8D}"
EndProject
Project("{FAE04EC0-301F-11D3-BF4B-00C04F79EFBC}") = "Dtos", "src\Application\Dtos\Dtos.csproj", "{596FD177-46E2-4760-9BE1-222D5DE13B6B}"
EndProject
Project("{FAE04EC0-301F-11D3-BF4B-00C04F79EFBC}") = "Mappers", "src\Application\Mappers\Mappers.csproj", "{87947B8F-25EE-4847-876C-8740F0F7679E}"
EndProject
Project("{FAE04EC0-301F-11D3-BF4B-00C04F79EFBC}") = "Services", "src\Infraestructure\Services\Services.csproj", "{60FF859D-F017-4369-ADD8-5B9119CDEB55}"
EndProject
Project("{FAE04EC0-301F-11D3-BF4B-00C04F79EFBC}") = "External", "src\Infraestructure\External\External.csproj", "{7D076B67-C9CB-4197-B28B-4434B03B9B3F}"
EndProject
Project("{FAE04EC0-301F-11D3-BF4B-00C04F79EFBC}") = "DB", "src\DB\DB.csproj", "{AC6EA0BA-2A4F-4D80-B4F1-0F87607354B9}"
EndProject
Global
	GlobalSection(SolutionConfigurationPlatforms) = preSolution
		Debug|Any CPU = Debug|Any CPU
		Release|Any CPU = Release|Any CPU
	EndGlobalSection
	GlobalSection(ProjectConfigurationPlatforms) = postSolution
		{22E502E9-902D-4EAE-973D-01C54FF213D1}.Debug|Any CPU.ActiveCfg = Debug|Any CPU
		{22E502E9-902D-4EAE-973D-01C54FF213D1}.Debug|Any CPU.Build.0 = Debug|Any CPU
		{22E502E9-902D-4EAE-973D-01C54FF213D1}.Release|Any CPU.ActiveCfg = Release|Any CPU
		{22E502E9-902D-4EAE-973D-01C54FF213D1}.Release|Any CPU.Build.0 = Release|Any CPU
		{EF594B5A-BAED-4795-9F98-5896149E50C7}.Debug|Any CPU.ActiveCfg = Debug|Any CPU
		{EF594B5A-BAED-4795-9F98-5896149E50C7}.Debug|Any CPU.Build.0 = Debug|Any CPU
		{EF594B5A-BAED-4795-9F98-5896149E50C7}.Release|Any CPU.ActiveCfg = Release|Any CPU
		{EF594B5A-BAED-4795-9F98-5896149E50C7}.Release|Any CPU.Build.0 = Release|Any CPU
		{41AEAA4E-0EED-4CB3-A566-1D6558D60F39}.Debug|Any CPU.ActiveCfg = Debug|Any CPU
		{41AEAA4E-0EED-4CB3-A566-1D6558D60F39}.Debug|Any CPU.Build.0 = Debug|Any CPU
		{41AEAA4E-0EED-4CB3-A566-1D6558D60F39}.Release|Any CPU.ActiveCfg = Release|Any CPU
		{41AEAA4E-0EED-4CB3-A566-1D6558D60F39}.Release|Any CPU.Build.0 = Release|Any CPU
		{4A629D34-C31A-402D-984D-24F580C369B5}.Debug|Any CPU.ActiveCfg = Debug|Any CPU
		{4A629D34-C31A-402D-984D-24F580C369B5}.Debug|Any CPU.Build.0 = Debug|Any CPU
		{4A629D34-C31A-402D-984D-24F580C369B5}.Release|Any CPU.ActiveCfg = Release|Any CPU
		{4A629D34-C31A-402D-984D-24F580C369B5}.Release|Any CPU.Build.0 = Release|Any CPU
		{BA76ED80-51BF-4829-ACE7-9BF7577FF975}.Debug|Any CPU.ActiveCfg = Debug|Any CPU
		{BA76ED80-51BF-4829-ACE7-9BF7577FF975}.Debug|Any CPU.Build.0 = Debug|Any CPU
		{BA76ED80-51BF-4829-ACE7-9BF7577FF975}.Release|Any CPU.ActiveCfg = Release|Any CPU
		{BA76ED80-51BF-4829-ACE7-9BF7577FF975}.Release|Any CPU.Build.0 = Release|Any CPU
		{D98A9DEC-B753-47C0-904E-94E17E441B8D}.Debug|Any CPU.ActiveCfg = Debug|Any CPU
		{D98A9DEC-B753-47C0-904E-94E17E441B8D}.Debug|Any CPU.Build.0 = Debug|Any CPU
		{D98A9DEC-B753-47C0-904E-94E17E441B8D}.Release|Any CPU.ActiveCfg = Release|Any CPU
		{D98A9DEC-B753-47C0-904E-94E17E441B8D}.Release|Any CPU.Build.0 = Release|Any CPU
		{596FD177-46E2-4760-9BE1-222D5DE13B6B}.Debug|Any CPU.ActiveCfg = Debug|Any CPU
		{596FD177-46E2-4760-9BE1-222D5DE13B6B}.Debug|Any CPU.Build.0 = Debug|Any CPU
		{596FD177-46E2-4760-9BE1-222D5DE13B6B}.Release|Any CPU.ActiveCfg = Release|Any CPU
		{596FD177-46E2-4760-9BE1-222D5DE13B6B}.Release|Any CPU.Build.0 = Release|Any CPU
		{87947B8F-25EE-4847-876C-8740F0F7679E}.Debug|Any CPU.ActiveCfg = Debug|Any CPU
		{87947B8F-25EE-4847-876C-8740F0F7679E}.Debug|Any CPU.Build.0 = Debug|Any CPU
		{87947B8F-25EE-4847-876C-8740F0F7679E}.Release|Any CPU.ActiveCfg = Release|Any CPU
		{87947B8F-25EE-4847-876C-8740F0F7679E}.Release|Any CPU.Build.0 = Release|Any CPU
		{60FF859D-F017-4369-ADD8-5B9119CDEB55}.Debug|Any CPU.ActiveCfg = Debug|Any CPU
		{60FF859D-F017-4369-ADD8-5B9119CDEB55}.Debug|Any CPU.Build.0 = Debug|Any CPU
		{60FF859D-F017-4369-ADD8-5B9119CDEB55}.Release|Any CPU.ActiveCfg = Release|Any CPU
		{60FF859D-F017-4369-ADD8-5B9119CDEB55}.Release|Any CPU.Build.0 = Release|Any CPU
		{7D076B67-C9CB-4197-B28B-4434B03B9B3F}.Debug|Any CPU.ActiveCfg = Debug|Any CPU
		{7D076B67-C9CB-4197-B28B-4434B03B9B3F}.Debug|Any CPU.Build.0 = Debug|Any CPU
		{7D076B67-C9CB-4197-B28B-4434B03B9B3F}.Release|Any CPU.ActiveCfg = Release|Any CPU
		{7D076B67-C9CB-4197-B28B-4434B03B9B3F}.Release|Any CPU.Build.0 = Release|Any CPU
		{33C4BA42-025C-4709-BC43-A08504D70FC4}.Debug|Any CPU.ActiveCfg = Debug|Any CPU
		{33C4BA42-025C-4709-BC43-A08504D70FC4}.Debug|Any CPU.Build.0 = Debug|Any CPU
		{33C4BA42-025C-4709-BC43-A08504D70FC4}.Release|Any CPU.ActiveCfg = Release|Any CPU
		{33C4BA42-025C-4709-BC43-A08504D70FC4}.Release|Any CPU.Build.0 = Release|Any CPU
		{AC6EA0BA-2A4F-4D80-B4F1-0F87607354B9}.Debug|Any CPU.ActiveCfg = Debug|Any CPU
		{AC6EA0BA-2A4F-4D80-B4F1-0F87607354B9}.Debug|Any CPU.Build.0 = Debug|Any CPU
		{AC6EA0BA-2A4F-4D80-B4F1-0F87607354B9}.Release|Any CPU.ActiveCfg = Release|Any CPU
		{AC6EA0BA-2A4F-4D80-B4F1-0F87607354B9}.Release|Any CPU.Build.0 = Release|Any CPU
	EndGlobalSection
	GlobalSection(SolutionProperties) = preSolution
		HideSolutionNode = FALSE
	EndGlobalSection
	GlobalSection(NestedProjects) = preSolution
		{912E0269-79DE-4B12-88B6-3F1A3B222158} = {3CA618F0-AFAA-4A24-BED0-141763DEE56B}
		{22E502E9-902D-4EAE-973D-01C54FF213D1} = {912E0269-79DE-4B12-88B6-3F1A3B222158}
		{6D3068C3-2185-416B-86BB-166E5B6DEDE2} = {3CA618F0-AFAA-4A24-BED0-141763DEE56B}
		{EF594B5A-BAED-4795-9F98-5896149E50C7} = {6D3068C3-2185-416B-86BB-166E5B6DEDE2}
		{487BFEF4-3273-4B3F-AC94-ADDB19F60C2B} = {3CA618F0-AFAA-4A24-BED0-141763DEE56B}
		{41AEAA4E-0EED-4CB3-A566-1D6558D60F39} = {487BFEF4-3273-4B3F-AC94-ADDB19F60C2B}
		{4A629D34-C31A-402D-984D-24F580C369B5} = {3CA618F0-AFAA-4A24-BED0-141763DEE56B}
		{BA76ED80-51BF-4829-ACE7-9BF7577FF975} = {912E0269-79DE-4B12-88B6-3F1A3B222158}
		{D98A9DEC-B753-47C0-904E-94E17E441B8D} = {912E0269-79DE-4B12-88B6-3F1A3B222158}
		{596FD177-46E2-4760-9BE1-222D5DE13B6B} = {6D3068C3-2185-416B-86BB-166E5B6DEDE2}
		{87947B8F-25EE-4847-876C-8740F0F7679E} = {6D3068C3-2185-416B-86BB-166E5B6DEDE2}
		{60FF859D-F017-4369-ADD8-5B9119CDEB55} = {487BFEF4-3273-4B3F-AC94-ADDB19F60C2B}
		{7D076B67-C9CB-4197-B28B-4434B03B9B3F} = {487BFEF4-3273-4B3F-AC94-ADDB19F60C2B}
	EndGlobalSection
EndGlobal
